{
  "nodes": {
    "ate-pairing": {
      "flake": false,
      "locked": {
        "lastModified": 1499347915,
        "narHash": "sha256-IMfWgKkkX7UcUaOPtGRcYD8MdVEP5Z9JOOSJ4+P07G8=",
        "owner": "herumi",
        "repo": "ate-pairing",
        "rev": "e69890125746cdaf25b5b51227d96678f76479fe",
        "type": "github"
      },
      "original": {
        "owner": "herumi",
        "repo": "ate-pairing",
        "rev": "e69890125746cdaf25b5b51227d96678f76479fe",
        "type": "github"
      }
    },
    "blockchain-k-plugin": {
      "inputs": {
        "ate-pairing": "ate-pairing",
        "cpp-httplib": "cpp-httplib",
        "cryptopp": "cryptopp",
        "flake-utils": [
          "k-framework",
          "flake-utils"
        ],
        "libff": "libff",
        "nixpkgs": [
          "k-framework",
          "nixpkgs"
        ],
        "secp256k1": "secp256k1",
        "xbyak": "xbyak"
      },
      "locked": {
        "lastModified": 1699442461,
        "narHash": "sha256-atipDHnmcV1M9C0zRPnqno1rDFxs/dZ4em0YgcUGQYw=",
        "owner": "runtimeverification",
        "repo": "blockchain-k-plugin",
        "rev": "f27c5ec4861272c1ad4496bc6aab9f47dd6d473a",
        "type": "github"
      },
      "original": {
        "owner": "runtimeverification",
        "repo": "blockchain-k-plugin",
        "rev": "f27c5ec4861272c1ad4496bc6aab9f47dd6d473a",
        "type": "github"
      }
    },
    "booster-backend": {
      "inputs": {
        "haskell-backend": [
          "k-framework",
          "haskell-backend"
        ],
        "nixpkgs": [
          "k-framework",
          "haskell-backend",
          "nixpkgs"
        ],
        "stacklock2nix": [
          "k-framework",
          "haskell-backend",
          "stacklock2nix"
        ]
      },
      "locked": {
        "lastModified": 1709250127,
        "narHash": "sha256-FQt90pGfL9rfEvPpME5JLg/1HMsObNZRTo1F7CrCpK4=",
        "owner": "runtimeverification",
        "repo": "hs-backend-booster",
        "rev": "1f693f02af6f706bcb061b573f1ac50d41e5233e",
        "type": "github"
      },
      "original": {
        "owner": "runtimeverification",
        "repo": "hs-backend-booster",
        "rev": "1f693f02af6f706bcb061b573f1ac50d41e5233e",
        "type": "github"
      }
    },
    "cpp-httplib": {
      "flake": false,
      "locked": {
        "lastModified": 1595279716,
        "narHash": "sha256-cZW/iEwlaB4UQ0OQLNqboY9addncIM/OsxxPzqmATmE=",
        "owner": "yhirose",
        "repo": "cpp-httplib",
        "rev": "72ce293fed9f9335e92c95ab7d085feed18c0ee8",
        "type": "github"
      },
      "original": {
        "owner": "yhirose",
        "repo": "cpp-httplib",
        "rev": "72ce293fed9f9335e92c95ab7d085feed18c0ee8",
        "type": "github"
      }
    },
    "cryptopp": {
      "flake": false,
      "locked": {
        "lastModified": 1632484127,
        "narHash": "sha256-a3TYaK34WvKEXN7LKAfGwQ3ZL6a3k/zMZyyVfnkQqO4=",
        "owner": "weidai11",
        "repo": "cryptopp",
        "rev": "69bf6b53052b59ccb57ce068ce741988ae087317",
        "type": "github"
      },
      "original": {
        "owner": "weidai11",
        "repo": "cryptopp",
        "rev": "69bf6b53052b59ccb57ce068ce741988ae087317",
        "type": "github"
      }
    },
    "ethereum-legacytests": {
      "flake": false,
      "locked": {
        "lastModified": 1633533576,
        "narHash": "sha256-43lkAi6Z492pbHV+jySYXzvNtoGEGsndnBkxfYgmqFM=",
        "owner": "ethereum",
        "repo": "legacytests",
        "rev": "d7abc42a7b352a7b44b1f66b58aca54e4af6a9d7",
        "type": "github"
      },
      "original": {
        "owner": "ethereum",
        "repo": "legacytests",
        "rev": "d7abc42a7b352a7b44b1f66b58aca54e4af6a9d7",
        "type": "github"
      }
    },
    "ethereum-tests": {
      "flake": false,
      "locked": {
        "lastModified": 1637090666,
        "narHash": "sha256-B3fMpp/dpnwtCQzxI45kptJVwIM/kMo9hptcMP2B5n0=",
        "owner": "ethereum",
        "repo": "tests",
        "rev": "6401889dec4eee58e808fd178fb2c7f628a3e039",
        "type": "github"
      },
      "original": {
        "owner": "ethereum",
        "repo": "tests",
        "rev": "6401889dec4eee58e808fd178fb2c7f628a3e039",
        "type": "github"
      }
    },
    "flake-compat": {
      "flake": false,
      "locked": {
        "lastModified": 1696426674,
        "narHash": "sha256-kvjfFW7WAETZlt09AgDn1MrtKzP7t90Vf7vypd3OL1U=",
        "owner": "edolstra",
        "repo": "flake-compat",
        "rev": "0f9255e01c2351cc7d116c072cb317785dd33b33",
        "type": "github"
      },
      "original": {
        "owner": "edolstra",
        "repo": "flake-compat",
        "type": "github"
      }
    },
    "flake-utils": {
      "inputs": {
        "systems": "systems"
      },
      "locked": {
        "lastModified": 1709126324,
        "narHash": "sha256-q6EQdSeUZOG26WelxqkmR7kArjgWCdw5sfJVHPH/7j8=",
        "owner": "numtide",
        "repo": "flake-utils",
        "rev": "d465f4819400de7c8d874d50b982301f28a84605",
        "type": "github"
      },
      "original": {
        "owner": "numtide",
        "repo": "flake-utils",
        "type": "github"
      }
    },
    "flake-utils_2": {
      "inputs": {
        "systems": "systems_2"
      },
      "locked": {
        "lastModified": 1694529238,
        "narHash": "sha256-zsNZZGTGnMOf9YpHKJqMSsa0dXbfmxeoJ7xHlrt+xmY=",
        "owner": "numtide",
        "repo": "flake-utils",
        "rev": "ff7b65b44d01cf9ba6a71320833626af21126384",
        "type": "github"
      },
      "original": {
        "owner": "numtide",
        "repo": "flake-utils",
        "type": "github"
      }
    },
    "fmt-src": {
      "flake": false,
      "locked": {
        "lastModified": 1661615830,
        "narHash": "sha256-rP6ymyRc7LnKxUXwPpzhHOQvpJkpnRFOt2ctvUNlYI0=",
        "owner": "fmtlib",
        "repo": "fmt",
        "rev": "a33701196adfad74917046096bf5a2aa0ab0bb50",
        "type": "github"
      },
      "original": {
        "owner": "fmtlib",
        "ref": "9.1.0",
        "repo": "fmt",
        "type": "github"
      }
    },
    "haskell-backend": {
      "inputs": {
        "nixpkgs": [
          "k-framework",
          "haskell-backend",
          "rv-utils",
          "nixpkgs"
        ],
        "nixpkgs2305": "nixpkgs2305",
        "rv-utils": "rv-utils",
        "stacklock2nix": "stacklock2nix",
        "z3": "z3"
      },
      "locked": {
        "lastModified": 1709046454,
        "narHash": "sha256-ZCuQ7Mi99OkUocDJ+FKZQI5NZQjyEKPks7lg7b/rTKc=",
        "owner": "runtimeverification",
        "repo": "haskell-backend",
        "rev": "62a3e13dc5c681a536271b834b11098aae9bce35",
        "type": "github"
      },
      "original": {
        "owner": "runtimeverification",
        "repo": "haskell-backend",
        "rev": "62a3e13dc5c681a536271b834b11098aae9bce35",
        "type": "github"
      }
    },
    "immer-src": {
      "flake": false,
      "locked": {
        "lastModified": 1708038459,
        "narHash": "sha256-aV/mQFuPzioy1PxROc85ypeP7/d0nn+xcBPzy9taw2s=",
        "owner": "runtimeverification",
        "repo": "immer",
        "rev": "4b0914f0b2acb33befe0ba4cd3a7954f2687e9bb",
        "type": "github"
      },
      "original": {
        "owner": "runtimeverification",
        "repo": "immer",
        "rev": "4b0914f0b2acb33befe0ba4cd3a7954f2687e9bb",
        "type": "github"
      }
    },
    "k-framework": {
      "inputs": {
        "booster-backend": "booster-backend",
        "flake-utils": "flake-utils",
        "haskell-backend": "haskell-backend",
        "llvm-backend": "llvm-backend",
        "nixpkgs": [
          "k-framework",
          "llvm-backend",
          "nixpkgs"
        ],
        "rv-utils": "rv-utils_3"
      },
      "locked": {
        "lastModified": 1709554158,
        "narHash": "sha256-OnVgXOsw6JFtkg8RDnRgtmBP6VGLfB+bmkDjt9S7NKA=",
        "owner": "runtimeverification",
        "repo": "k",
        "rev": "aceff4aac9bdd69b4443cce5fb5c96ca6c15c761",
        "type": "github"
      },
      "original": {
        "owner": "runtimeverification",
        "ref": "v6.3.25",
        "repo": "k",
        "type": "github"
      }
    },
    "libff": {
      "flake": false,
      "locked": {
        "lastModified": 1588032522,
        "narHash": "sha256-I0kH2XLvHDSrdL/o4i6XozWQJV0UDv9zH6+sWS0UQHg=",
        "owner": "scipr-lab",
        "repo": "libff",
        "rev": "5835b8c59d4029249645cf551f417608c48f2770",
        "type": "github"
      },
      "original": {
        "owner": "scipr-lab",
        "repo": "libff",
        "rev": "5835b8c59d4029249645cf551f417608c48f2770",
        "type": "github"
      }
    },
    "llvm-backend": {
      "inputs": {
        "flake-compat": "flake-compat",
        "fmt-src": "fmt-src",
        "immer-src": "immer-src",
        "mavenix": "mavenix",
        "nixpkgs": [
          "k-framework",
          "llvm-backend",
          "rv-utils",
          "nixpkgs"
        ],
        "pybind11-src": "pybind11-src",
        "rapidjson-src": "rapidjson-src",
        "rv-utils": "rv-utils_2",
        "utils": [
          "k-framework",
          "flake-utils"
        ]
      },
      "locked": {
        "lastModified": 1709310427,
        "narHash": "sha256-eUPqJl67cxdeDbZHoAk/w3l0qQXDj+twSt0aIPYX5z8=",
        "owner": "runtimeverification",
        "repo": "llvm-backend",
        "rev": "87edd7989d8521a9218bc73328cca1b321c87ec3",
        "type": "github"
      },
      "original": {
        "owner": "runtimeverification",
        "repo": "llvm-backend",
        "type": "github"
      }
    },
    "mavenix": {
      "inputs": {
        "nixpkgs": "nixpkgs_2",
        "utils": "utils"
      },
      "locked": {
        "lastModified": 1689018333,
        "narHash": "sha256-sthxx50rj0E7gv38oeMj8GZOp7i1776P1qZsM7pVLd0=",
        "owner": "goodlyrottenapple",
        "repo": "mavenix",
        "rev": "153d69e62f87e5dd37d35492cc3e35dd80d2b5fa",
        "type": "github"
      },
      "original": {
        "owner": "goodlyrottenapple",
        "repo": "mavenix",
        "type": "github"
      }
    },
    "nix-github-actions": {
      "inputs": {
        "nixpkgs": [
          "pyk",
          "poetry2nix",
          "nixpkgs"
        ]
      },
      "locked": {
        "lastModified": 1693660503,
        "narHash": "sha256-B/g2V4v6gjirFmy+I5mwB2bCYc0l3j5scVfwgl6WOl8=",
        "owner": "nix-community",
        "repo": "nix-github-actions",
        "rev": "bd5bdbb52350e145c526108f4ef192eb8e554fa0",
        "type": "github"
      },
      "original": {
        "owner": "nix-community",
        "repo": "nix-github-actions",
        "type": "github"
      }
    },
    "nixpkgs": {
      "locked": {
        "lastModified": 1707163378,
        "narHash": "sha256-oz+BzUDwtyircjjxv9aPYOS5gobxLCjD2il+gb/bCRo=",
        "owner": "nixos",
        "repo": "nixpkgs",
        "rev": "e2ffefe304d941bb98989847944f3b58e0adcdd5",
        "type": "github"
      },
      "original": {
        "owner": "nixos",
        "repo": "nixpkgs",
        "rev": "e2ffefe304d941bb98989847944f3b58e0adcdd5",
        "type": "github"
      }
    },
    "nixpkgs2305": {
      "locked": {
        "lastModified": 1704290814,
        "narHash": "sha256-LWvKHp7kGxk/GEtlrGYV68qIvPHkU9iToomNFGagixU=",
        "owner": "NixOS",
        "repo": "nixpkgs",
        "rev": "70bdadeb94ffc8806c0570eb5c2695ad29f0e421",
        "type": "github"
      },
      "original": {
        "id": "nixpkgs",
        "ref": "nixos-23.05",
        "type": "indirect"
      }
    },
    "nixpkgs_2": {
      "locked": {
        "lastModified": 1621552131,
        "narHash": "sha256-AD/AEXv+QOYAg0PIqMYv2nbGOGTIwfOGKtz3rE+y+Tc=",
        "owner": "NixOS",
        "repo": "nixpkgs",
        "rev": "d42cd445dde587e9a993cd9434cb43da07c4c5de",
        "type": "github"
      },
      "original": {
        "id": "nixpkgs",
        "type": "indirect"
      }
    },
    "nixpkgs_3": {
      "locked": {
        "lastModified": 1707163378,
        "narHash": "sha256-oz+BzUDwtyircjjxv9aPYOS5gobxLCjD2il+gb/bCRo=",
        "owner": "nixos",
        "repo": "nixpkgs",
        "rev": "e2ffefe304d941bb98989847944f3b58e0adcdd5",
        "type": "github"
      },
      "original": {
        "owner": "nixos",
        "repo": "nixpkgs",
        "rev": "e2ffefe304d941bb98989847944f3b58e0adcdd5",
        "type": "github"
      }
    },
    "nixpkgs_4": {
      "locked": {
        "lastModified": 1707163378,
        "narHash": "sha256-oz+BzUDwtyircjjxv9aPYOS5gobxLCjD2il+gb/bCRo=",
        "owner": "nixos",
        "repo": "nixpkgs",
        "rev": "e2ffefe304d941bb98989847944f3b58e0adcdd5",
        "type": "github"
      },
      "original": {
        "owner": "nixos",
        "repo": "nixpkgs",
        "rev": "e2ffefe304d941bb98989847944f3b58e0adcdd5",
        "type": "github"
      }
    },
    "nixpkgs_5": {
      "locked": {
        "lastModified": 1698675399,
        "narHash": "sha256-nj+LNEeVXGP31vxoL3x7HW7+oEiyoLVDqwMg30yFBMA=",
        "owner": "NixOS",
        "repo": "nixpkgs",
        "rev": "7378978469efa3b2b2f97d645a2a0b0e2447da2b",
        "type": "github"
      },
      "original": {
        "owner": "NixOS",
        "repo": "nixpkgs",
        "type": "github"
      }
    },
    "poetry2nix": {
      "inputs": {
        "flake-utils": "flake-utils_2",
        "nix-github-actions": "nix-github-actions",
        "nixpkgs": [
          "pyk",
          "nixpkgs"
        ],
        "systems": "systems_3",
        "treefmt-nix": "treefmt-nix"
      },
      "locked": {
        "lastModified": 1698640399,
        "narHash": "sha256-mXzyx79/iFLZ0UDuSkqgFfejYRcSJfsCnJ9WlMusaI0=",
        "owner": "nix-community",
        "repo": "poetry2nix",
        "rev": "626111646fe236cb1ddc8191a48c75e072a82b7c",
        "type": "github"
      },
      "original": {
        "owner": "nix-community",
        "repo": "poetry2nix",
        "rev": "626111646fe236cb1ddc8191a48c75e072a82b7c",
        "type": "github"
      }
    },
    "pybind11-src": {
      "flake": false,
      "locked": {
        "lastModified": 1657936673,
        "narHash": "sha256-/X8DZPFsNrKGbhjZ1GFOj17/NU6p4R+saCW3pLKVNeA=",
        "owner": "pybind",
        "repo": "pybind11",
        "rev": "0ba639d6177659c5dc2955ac06ad7b5b0d22e05c",
        "type": "github"
      },
      "original": {
        "owner": "pybind",
        "repo": "pybind11",
        "rev": "0ba639d6177659c5dc2955ac06ad7b5b0d22e05c",
        "type": "github"
      }
    },
    "pyk": {
      "inputs": {
        "flake-utils": [
          "pyk",
          "poetry2nix",
          "flake-utils"
        ],
        "nixpkgs": "nixpkgs_5",
        "poetry2nix": "poetry2nix"
      },
      "locked": {
        "lastModified": 1709746007,
        "narHash": "sha256-PLrAz6xjASwjyXcvd+ooNAyhJTI+ORRf3ZZhUU2U7A4=",
        "owner": "runtimeverification",
        "repo": "pyk",
        "rev": "03a8ca03c8f93dcc78aecc335a262c4f1524edb2",
        "type": "github"
      },
      "original": {
        "owner": "runtimeverification",
        "ref": "v0.1.685",
        "repo": "pyk",
        "type": "github"
      }
    },
    "rapidjson-src": {
      "flake": false,
      "locked": {
        "lastModified": 1472111945,
        "narHash": "sha256-SxUXSOQDZ0/3zlFI4R84J56/1fkw2jhge4mexNF6Pco=",
        "owner": "Tencent",
        "repo": "rapidjson",
        "rev": "f54b0e47a08782a6131cc3d60f94d038fa6e0a51",
        "type": "github"
      },
      "original": {
        "owner": "Tencent",
        "repo": "rapidjson",
        "rev": "f54b0e47a08782a6131cc3d60f94d038fa6e0a51",
        "type": "github"
      }
    },
    "root": {
      "inputs": {
        "blockchain-k-plugin": "blockchain-k-plugin",
        "ethereum-legacytests": "ethereum-legacytests",
        "ethereum-tests": "ethereum-tests",
        "flake-utils": [
          "k-framework",
          "flake-utils"
        ],
        "haskell-backend": [
          "k-framework",
          "haskell-backend"
        ],
        "k-framework": "k-framework",
        "nixpkgs": [
          "k-framework",
          "nixpkgs"
        ],
        "nixpkgs-pyk": [
          "pyk",
          "nixpkgs"
        ],
        "poetry2nix": [
          "pyk",
          "poetry2nix"
        ],
        "pyk": "pyk",
        "rv-utils": [
          "k-framework",
          "rv-utils"
        ]
      }
    },
    "rv-utils": {
      "inputs": {
        "nixpkgs": "nixpkgs"
      },
      "locked": {
        "lastModified": 1707492220,
        "narHash": "sha256-KRndaUPzUumDlNcKF7KzA8F/EZKLYCvurh7Z13sw2PI=",
        "owner": "runtimeverification",
        "repo": "rv-nix-tools",
        "rev": "abf86805a623948c941e603e2fc4c26a06ea6eb6",
        "type": "github"
      },
      "original": {
        "owner": "runtimeverification",
        "repo": "rv-nix-tools",
        "type": "github"
      }
    },
    "rv-utils_2": {
      "inputs": {
        "nixpkgs": "nixpkgs_3"
      },
      "locked": {
        "lastModified": 1707492220,
        "narHash": "sha256-KRndaUPzUumDlNcKF7KzA8F/EZKLYCvurh7Z13sw2PI=",
        "owner": "runtimeverification",
        "repo": "rv-nix-tools",
        "rev": "abf86805a623948c941e603e2fc4c26a06ea6eb6",
        "type": "github"
      },
      "original": {
        "owner": "runtimeverification",
        "repo": "rv-nix-tools",
        "type": "github"
      }
    },
    "rv-utils_3": {
      "inputs": {
        "nixpkgs": "nixpkgs_4"
      },
      "locked": {
        "lastModified": 1707492220,
        "narHash": "sha256-KRndaUPzUumDlNcKF7KzA8F/EZKLYCvurh7Z13sw2PI=",
        "owner": "runtimeverification",
        "repo": "rv-nix-tools",
        "rev": "abf86805a623948c941e603e2fc4c26a06ea6eb6",
        "type": "github"
      },
      "original": {
        "owner": "runtimeverification",
        "repo": "rv-nix-tools",
        "type": "github"
      }
    },
    "secp256k1": {
      "flake": false,
      "locked": {
        "lastModified": 1502408521,
        "narHash": "sha256-PyqNZGER9VypH35S/aU4EBeepieI3BGXrYsJ141os24=",
        "owner": "bitcoin-core",
        "repo": "secp256k1",
        "rev": "f532bdc9f77f7bbf7e93faabfbe9c483f0a9f75f",
        "type": "github"
      },
      "original": {
        "owner": "bitcoin-core",
        "repo": "secp256k1",
        "rev": "f532bdc9f77f7bbf7e93faabfbe9c483f0a9f75f",
        "type": "github"
      }
    },
    "stacklock2nix": {
      "locked": {
        "lastModified": 1705051190,
        "narHash": "sha256-xgH0gaD3dNtOzZzX3A40hZTiHJP5cIGmifbmfcS2OGI=",
        "owner": "cdepillabout",
        "repo": "stacklock2nix",
        "rev": "22676dfc45fa1c33899ba1da1a23665172a18ba7",
        "type": "github"
      },
      "original": {
        "owner": "cdepillabout",
        "repo": "stacklock2nix",
        "type": "github"
      }
    },
    "systems": {
      "locked": {
        "lastModified": 1681028828,
        "narHash": "sha256-Vy1rq5AaRuLzOxct8nz4T6wlgyUR7zLU309k9mBC768=",
        "owner": "nix-systems",
        "repo": "default",
        "rev": "da67096a3b9bf56a91d16901293e51ba5b49a27e",
        "type": "github"
      },
      "original": {
        "owner": "nix-systems",
        "repo": "default",
        "type": "github"
      }
    },
    "systems_2": {
      "locked": {
        "lastModified": 1681028828,
        "narHash": "sha256-Vy1rq5AaRuLzOxct8nz4T6wlgyUR7zLU309k9mBC768=",
        "owner": "nix-systems",
        "repo": "default",
        "rev": "da67096a3b9bf56a91d16901293e51ba5b49a27e",
        "type": "github"
      },
      "original": {
        "owner": "nix-systems",
        "repo": "default",
        "type": "github"
      }
    },
    "systems_3": {
      "locked": {
        "lastModified": 1681028828,
        "narHash": "sha256-Vy1rq5AaRuLzOxct8nz4T6wlgyUR7zLU309k9mBC768=",
        "owner": "nix-systems",
        "repo": "default",
        "rev": "da67096a3b9bf56a91d16901293e51ba5b49a27e",
        "type": "github"
      },
      "original": {
        "id": "systems",
        "type": "indirect"
      }
    },
    "treefmt-nix": {
      "inputs": {
        "nixpkgs": [
          "pyk",
          "poetry2nix",
          "nixpkgs"
        ]
      },
      "locked": {
        "lastModified": 1697388351,
        "narHash": "sha256-63N2eBpKaziIy4R44vjpUu8Nz5fCJY7okKrkixvDQmY=",
        "owner": "numtide",
        "repo": "treefmt-nix",
        "rev": "aae39f64f5ecbe89792d05eacea5cb241891292a",
        "type": "github"
      },
      "original": {
        "owner": "numtide",
        "repo": "treefmt-nix",
        "type": "github"
      }
    },
    "utils": {
      "locked": {
        "lastModified": 1620759905,
        "narHash": "sha256-WiyWawrgmyN0EdmiHyG2V+fqReiVi8bM9cRdMaKQOFg=",
        "owner": "numtide",
        "repo": "flake-utils",
        "rev": "b543720b25df6ffdfcf9227afafc5b8c1fabfae8",
        "type": "github"
      },
      "original": {
        "owner": "numtide",
        "repo": "flake-utils",
        "type": "github"
      }
    },
    "xbyak": {
      "flake": false,
      "locked": {
        "lastModified": 1518572786,
        "narHash": "sha256-jqDSNDcqK7010ig941hrJFkv1X7MbgXmhPOOE9wHmho=",
        "owner": "herumi",
        "repo": "xbyak",
        "rev": "f0a8f7faa27121f28186c2a7f4222a9fc66c283d",
        "type": "github"
      },
      "original": {
        "owner": "herumi",
        "repo": "xbyak",
        "rev": "f0a8f7faa27121f28186c2a7f4222a9fc66c283d",
        "type": "github"
      }
    },
    "z3": {
      "flake": false,
      "locked": {
        "lastModified": 1674011426,
        "narHash": "sha256-7cuUf29TMpX62PwO1ab3ZuzmzlcrRjTKB1CyXnYgYus=",
        "owner": "Z3Prover",
        "repo": "z3",
        "rev": "3012293c35eadbfd73e5b94adbe50b0cc44ffb83",
        "type": "github"
      },
      "original": {
        "owner": "Z3Prover",
        "ref": "z3-4.12.1",
        "repo": "z3",
        "type": "github"
      }
    }
  },
  "root": "root",
  "version": 7
}
