{
  "nodes": {
    "ate-pairing": {
      "flake": false,
      "locked": {
        "lastModified": 1499347915,
        "narHash": "sha256-IMfWgKkkX7UcUaOPtGRcYD8MdVEP5Z9JOOSJ4+P07G8=",
        "owner": "herumi",
        "repo": "ate-pairing",
        "rev": "e69890125746cdaf25b5b51227d96678f76479fe",
        "type": "github"
      },
      "original": {
        "owner": "herumi",
        "repo": "ate-pairing",
        "rev": "e69890125746cdaf25b5b51227d96678f76479fe",
        "type": "github"
      }
    },
    "blockchain-k-plugin": {
      "inputs": {
        "ate-pairing": "ate-pairing",
        "cpp-httplib": "cpp-httplib",
        "cryptopp": "cryptopp",
        "flake-utils": [
          "k-framework",
          "flake-utils"
        ],
        "libff": "libff",
        "nixpkgs": [
          "k-framework",
          "nixpkgs"
        ],
        "secp256k1": "secp256k1",
        "xbyak": "xbyak"
      },
      "locked": {
        "lastModified": 1696357247,
        "narHash": "sha256-cCsH/uM1lfuCxfgflVwtg61Il6WjdZ/mDNwijIaRiRo=",
        "owner": "runtimeverification",
        "repo": "blockchain-k-plugin",
        "rev": "b42e6ede9f6b72cedabc519810416e2994caad45",
        "type": "github"
      },
      "original": {
        "owner": "runtimeverification",
        "repo": "blockchain-k-plugin",
        "rev": "b42e6ede9f6b72cedabc519810416e2994caad45",
        "type": "github"
      }
    },
    "booster-backend": {
      "inputs": {
        "haskell-backend": [
          "k-framework",
          "haskell-backend"
        ],
        "nixpkgs": [
          "k-framework",
          "haskell-backend",
          "nixpkgs"
        ],
        "stacklock2nix": [
          "k-framework",
          "haskell-backend",
          "stacklock2nix"
        ]
      },
      "locked": {
        "lastModified": 1698937618,
        "narHash": "sha256-7ASzWfaln3OoDGRllQ130CbPltQqDRuzPCjb+xcVixo=",
        "owner": "runtimeverification",
        "repo": "hs-backend-booster",
        "rev": "a81e7cf4ccafcfbc07340df3d3ef7efdca3df1fc",
        "type": "github"
      },
      "original": {
        "owner": "runtimeverification",
        "repo": "hs-backend-booster",
        "rev": "a81e7cf4ccafcfbc07340df3d3ef7efdca3df1fc",
        "type": "github"
      }
    },
    "cpp-httplib": {
      "flake": false,
      "locked": {
        "lastModified": 1595279716,
        "narHash": "sha256-cZW/iEwlaB4UQ0OQLNqboY9addncIM/OsxxPzqmATmE=",
        "owner": "yhirose",
        "repo": "cpp-httplib",
        "rev": "72ce293fed9f9335e92c95ab7d085feed18c0ee8",
        "type": "github"
      },
      "original": {
        "owner": "yhirose",
        "repo": "cpp-httplib",
        "rev": "72ce293fed9f9335e92c95ab7d085feed18c0ee8",
        "type": "github"
      }
    },
    "cryptopp": {
      "flake": false,
      "locked": {
        "lastModified": 1632484127,
        "narHash": "sha256-a3TYaK34WvKEXN7LKAfGwQ3ZL6a3k/zMZyyVfnkQqO4=",
        "owner": "weidai11",
        "repo": "cryptopp",
        "rev": "69bf6b53052b59ccb57ce068ce741988ae087317",
        "type": "github"
      },
      "original": {
        "owner": "weidai11",
        "repo": "cryptopp",
        "rev": "69bf6b53052b59ccb57ce068ce741988ae087317",
        "type": "github"
      }
    },
    "ethereum-legacytests": {
      "flake": false,
      "locked": {
        "lastModified": 1633533576,
        "narHash": "sha256-43lkAi6Z492pbHV+jySYXzvNtoGEGsndnBkxfYgmqFM=",
        "owner": "ethereum",
        "repo": "legacytests",
        "rev": "d7abc42a7b352a7b44b1f66b58aca54e4af6a9d7",
        "type": "github"
      },
      "original": {
        "owner": "ethereum",
        "repo": "legacytests",
        "rev": "d7abc42a7b352a7b44b1f66b58aca54e4af6a9d7",
        "type": "github"
      }
    },
    "ethereum-tests": {
      "flake": false,
      "locked": {
        "lastModified": 1637090666,
        "narHash": "sha256-B3fMpp/dpnwtCQzxI45kptJVwIM/kMo9hptcMP2B5n0=",
        "owner": "ethereum",
        "repo": "tests",
        "rev": "6401889dec4eee58e808fd178fb2c7f628a3e039",
        "type": "github"
      },
      "original": {
        "owner": "ethereum",
        "repo": "tests",
        "rev": "6401889dec4eee58e808fd178fb2c7f628a3e039",
        "type": "github"
      }
    },
    "flake-compat": {
      "flake": false,
      "locked": {
        "lastModified": 1696426674,
        "narHash": "sha256-kvjfFW7WAETZlt09AgDn1MrtKzP7t90Vf7vypd3OL1U=",
        "owner": "edolstra",
        "repo": "flake-compat",
        "rev": "0f9255e01c2351cc7d116c072cb317785dd33b33",
        "type": "github"
      },
      "original": {
        "owner": "edolstra",
        "repo": "flake-compat",
        "type": "github"
      }
    },
    "flake-utils": {
      "inputs": {
        "systems": "systems"
      },
      "locked": {
        "lastModified": 1694529238,
        "narHash": "sha256-zsNZZGTGnMOf9YpHKJqMSsa0dXbfmxeoJ7xHlrt+xmY=",
        "owner": "numtide",
        "repo": "flake-utils",
        "rev": "ff7b65b44d01cf9ba6a71320833626af21126384",
        "type": "github"
      },
      "original": {
        "owner": "numtide",
        "repo": "flake-utils",
        "type": "github"
      }
    },
    "flake-utils_2": {
      "inputs": {
        "systems": "systems_2"
      },
      "locked": {
        "lastModified": 1694529238,
        "narHash": "sha256-zsNZZGTGnMOf9YpHKJqMSsa0dXbfmxeoJ7xHlrt+xmY=",
        "owner": "numtide",
        "repo": "flake-utils",
        "rev": "ff7b65b44d01cf9ba6a71320833626af21126384",
        "type": "github"
      },
      "original": {
        "owner": "numtide",
        "repo": "flake-utils",
        "type": "github"
      }
    },
    "fmt-src": {
      "flake": false,
      "locked": {
        "lastModified": 1661615830,
        "narHash": "sha256-rP6ymyRc7LnKxUXwPpzhHOQvpJkpnRFOt2ctvUNlYI0=",
        "owner": "fmtlib",
        "repo": "fmt",
        "rev": "a33701196adfad74917046096bf5a2aa0ab0bb50",
        "type": "github"
      },
      "original": {
        "owner": "fmtlib",
        "ref": "9.1.0",
        "repo": "fmt",
        "type": "github"
      }
    },
    "foundry": {
      "inputs": {
        "flake-utils": [
          "k-framework",
          "flake-utils"
        ],
        "nixpkgs": [
          "k-framework",
          "nixpkgs"
        ]
      },
      "locked": {
        "lastModified": 1699089190,
        "narHash": "sha256-t9W8eIeJBUVt6n8sfDrG9J/t0B4KZ73M3ARis+DwQhM=",
        "owner": "shazow",
        "repo": "foundry.nix",
        "rev": "fc064153ac002e825724ff2091cd91e7d501ffef",
        "type": "github"
      },
      "original": {
        "owner": "shazow",
        "ref": "monthly",
        "repo": "foundry.nix",
        "type": "github"
      }
    },
    "haskell-backend": {
      "inputs": {
        "nixpkgs": "nixpkgs",
        "stacklock2nix": "stacklock2nix",
        "z3": "z3"
      },
      "locked": {
        "lastModified": 1698918605,
        "narHash": "sha256-p3n0+My1U+rfHjaFPClK92HxAjAWIxSmCYyORCWJfxo=",
        "owner": "runtimeverification",
        "repo": "haskell-backend",
        "rev": "eebe4e9fd9dd6c606b37a384dbbfecca85943a38",
        "type": "github"
      },
      "original": {
        "owner": "runtimeverification",
        "repo": "haskell-backend",
        "rev": "eebe4e9fd9dd6c606b37a384dbbfecca85943a38",
        "type": "github"
      }
    },
    "immer-src": {
      "flake": false,
      "locked": {
        "lastModified": 1634324349,
        "narHash": "sha256-1OicqmyM3Rcrs/jkRMip2pXITQnVDRrHbQbEpZZ4nnU=",
        "owner": "runtimeverification",
        "repo": "immer",
        "rev": "198c2ae260d49ef1800a2fe4433e07d7dec20059",
        "type": "github"
      },
      "original": {
        "owner": "runtimeverification",
        "repo": "immer",
        "rev": "198c2ae260d49ef1800a2fe4433e07d7dec20059",
        "type": "github"
      }
    },
    "k-framework": {
      "inputs": {
        "booster-backend": "booster-backend",
        "flake-compat": "flake-compat",
        "flake-utils": "flake-utils",
        "haskell-backend": "haskell-backend",
        "llvm-backend": "llvm-backend",
        "mavenix": "mavenix",
        "nixpkgs": [
          "k-framework",
          "haskell-backend",
          "nixpkgs"
        ],
        "rv-utils": "rv-utils"
      },
      "locked": {
        "lastModified": 1699367507,
        "narHash": "sha256-SDEByyId74b8nlAnFN1XaFJfmhvX9MMKjNh05u5NYPg=",
        "owner": "runtimeverification",
        "repo": "k",
        "rev": "24867e99afd6e43b3a2437025f70765dadfff585",
        "type": "github"
      },
      "original": {
        "owner": "runtimeverification",
        "ref": "v6.0.196",
        "repo": "k",
        "type": "github"
      }
    },
    "libff": {
      "flake": false,
      "locked": {
        "lastModified": 1588032522,
        "narHash": "sha256-I0kH2XLvHDSrdL/o4i6XozWQJV0UDv9zH6+sWS0UQHg=",
        "owner": "scipr-lab",
        "repo": "libff",
        "rev": "5835b8c59d4029249645cf551f417608c48f2770",
        "type": "github"
      },
      "original": {
        "owner": "scipr-lab",
        "repo": "libff",
        "rev": "5835b8c59d4029249645cf551f417608c48f2770",
        "type": "github"
      }
    },
    "llvm-backend": {
      "inputs": {
        "fmt-src": "fmt-src",
        "immer-src": "immer-src",
        "mavenix": [
          "k-framework",
          "mavenix"
        ],
        "nixpkgs": [
          "k-framework",
          "haskell-backend",
          "nixpkgs"
        ],
        "pybind11-src": "pybind11-src",
        "rapidjson-src": "rapidjson-src",
        "utils": [
          "k-framework",
          "flake-utils"
        ]
      },
      "locked": {
        "lastModified": 1698757479,
        "narHash": "sha256-gE4AEKCcckGeJ9hgHeuHunFRweBwXI/dxTkTnjOr0tI=",
        "owner": "runtimeverification",
        "repo": "llvm-backend",
        "rev": "44a675f1c1d4b53d6f174d67fe9776ddb4c89419",
        "type": "github"
      },
      "original": {
        "owner": "runtimeverification",
        "repo": "llvm-backend",
        "type": "github"
      }
    },
    "mavenix": {
      "inputs": {
        "nixpkgs": [
          "k-framework",
          "haskell-backend",
          "nixpkgs"
        ],
        "utils": [
          "k-framework",
          "flake-utils"
        ]
      },
      "locked": {
        "lastModified": 1656435814,
        "narHash": "sha256-Gx4QoWB9eI437/66iqTr6AUjxGgN6WslqrQ57s+sL6A=",
        "owner": "goodlyrottenapple",
        "repo": "mavenix",
        "rev": "0cbd57b2494d52909b27f57d03580acc66bf0298",
        "type": "github"
      },
      "original": {
        "owner": "goodlyrottenapple",
        "repo": "mavenix",
        "rev": "0cbd57b2494d52909b27f57d03580acc66bf0298",
        "type": "github"
      }
    },
    "nix-github-actions": {
      "inputs": {
        "nixpkgs": [
          "pyk",
          "poetry2nix",
          "nixpkgs"
        ]
      },
      "locked": {
        "lastModified": 1693660503,
        "narHash": "sha256-B/g2V4v6gjirFmy+I5mwB2bCYc0l3j5scVfwgl6WOl8=",
        "owner": "nix-community",
        "repo": "nix-github-actions",
        "rev": "bd5bdbb52350e145c526108f4ef192eb8e554fa0",
        "type": "github"
      },
      "original": {
        "owner": "nix-community",
        "repo": "nix-github-actions",
        "type": "github"
      }
    },
    "nixpkgs": {
      "locked": {
        "lastModified": 1696983906,
        "narHash": "sha256-L7GyeErguS7Pg4h8nK0wGlcUTbfUMDu+HMf1UcyP72k=",
        "owner": "NixOS",
        "repo": "nixpkgs",
        "rev": "bd1cde45c77891214131cbbea5b1203e485a9d51",
        "type": "github"
      },
      "original": {
        "id": "nixpkgs",
        "ref": "nixos-23.05",
        "type": "indirect"
      }
    },
    "nixpkgs_2": {
      "locked": {
        "lastModified": 1698675399,
        "narHash": "sha256-nj+LNEeVXGP31vxoL3x7HW7+oEiyoLVDqwMg30yFBMA=",
        "owner": "NixOS",
        "repo": "nixpkgs",
        "rev": "7378978469efa3b2b2f97d645a2a0b0e2447da2b",
        "type": "github"
      },
      "original": {
        "owner": "NixOS",
        "repo": "nixpkgs",
        "type": "github"
      }
    },
    "poetry2nix": {
      "inputs": {
        "flake-utils": "flake-utils_2",
        "nix-github-actions": "nix-github-actions",
        "nixpkgs": [
          "pyk",
          "nixpkgs"
        ],
        "systems": "systems_3",
        "treefmt-nix": "treefmt-nix"
      },
      "locked": {
        "lastModified": 1698640399,
        "narHash": "sha256-mXzyx79/iFLZ0UDuSkqgFfejYRcSJfsCnJ9WlMusaI0=",
        "owner": "nix-community",
        "repo": "poetry2nix",
        "rev": "626111646fe236cb1ddc8191a48c75e072a82b7c",
        "type": "github"
      },
      "original": {
        "owner": "nix-community",
        "repo": "poetry2nix",
        "rev": "626111646fe236cb1ddc8191a48c75e072a82b7c",
        "type": "github"
      }
    },
    "pybind11-src": {
      "flake": false,
      "locked": {
        "lastModified": 1657936673,
        "narHash": "sha256-/X8DZPFsNrKGbhjZ1GFOj17/NU6p4R+saCW3pLKVNeA=",
        "owner": "pybind",
        "repo": "pybind11",
        "rev": "0ba639d6177659c5dc2955ac06ad7b5b0d22e05c",
        "type": "github"
      },
      "original": {
        "owner": "pybind",
        "repo": "pybind11",
        "rev": "0ba639d6177659c5dc2955ac06ad7b5b0d22e05c",
        "type": "github"
      }
    },
    "pyk": {
      "inputs": {
        "flake-utils": [
          "pyk",
          "poetry2nix",
          "flake-utils"
        ],
        "nixpkgs": "nixpkgs_2",
        "poetry2nix": "poetry2nix"
      },
      "locked": {
        "lastModified": 1699378047,
        "narHash": "sha256-scklzolHKOV5t1HbA/DP/0D72kgJmD7SLP9QTIX3Iw0=",
        "owner": "runtimeverification",
        "repo": "pyk",
        "rev": "263f2f58fb07a772df4a04bab95b17a6cd4d45fe",
        "type": "github"
      },
      "original": {
        "owner": "runtimeverification",
        "ref": "v0.1.492",
        "repo": "pyk",
        "type": "github"
      }
    },
    "rapidjson-src": {
      "flake": false,
      "locked": {
        "lastModified": 1472111945,
        "narHash": "sha256-SxUXSOQDZ0/3zlFI4R84J56/1fkw2jhge4mexNF6Pco=",
        "owner": "Tencent",
        "repo": "rapidjson",
        "rev": "f54b0e47a08782a6131cc3d60f94d038fa6e0a51",
        "type": "github"
      },
      "original": {
        "owner": "Tencent",
        "repo": "rapidjson",
        "rev": "f54b0e47a08782a6131cc3d60f94d038fa6e0a51",
        "type": "github"
      }
    },
    "root": {
      "inputs": {
        "blockchain-k-plugin": "blockchain-k-plugin",
        "ethereum-legacytests": "ethereum-legacytests",
        "ethereum-tests": "ethereum-tests",
        "flake-utils": [
          "k-framework",
          "flake-utils"
        ],
        "foundry": "foundry",
        "haskell-backend": [
          "k-framework",
          "haskell-backend"
        ],
        "k-framework": "k-framework",
        "nixpkgs": [
          "k-framework",
          "nixpkgs"
        ],
        "nixpkgs-pyk": [
          "pyk",
          "nixpkgs"
        ],
        "poetry2nix": [
          "pyk",
          "poetry2nix"
        ],
        "pyk": "pyk",
        "rv-utils": [
          "k-framework",
          "rv-utils"
        ],
        "solc": "solc"
      }
    },
    "rv-utils": {
      "locked": {
        "lastModified": 1659349707,
        "narHash": "sha256-+RwJvYwRS4In+pl8R5Uz+R/yZ5yO5SAa7X6UR+eSC2U=",
        "owner": "runtimeverification",
        "repo": "rv-nix-tools",
        "rev": "7026604726c5247ceb6e7a1a7532302a58e7e2bf",
        "type": "github"
      },
      "original": {
        "owner": "runtimeverification",
        "repo": "rv-nix-tools",
        "type": "github"
      }
    },
    "secp256k1": {
      "flake": false,
      "locked": {
        "lastModified": 1502408521,
        "narHash": "sha256-PyqNZGER9VypH35S/aU4EBeepieI3BGXrYsJ141os24=",
        "owner": "bitcoin-core",
        "repo": "secp256k1",
        "rev": "f532bdc9f77f7bbf7e93faabfbe9c483f0a9f75f",
        "type": "github"
      },
      "original": {
        "owner": "bitcoin-core",
        "repo": "secp256k1",
        "rev": "f532bdc9f77f7bbf7e93faabfbe9c483f0a9f75f",
        "type": "github"
      }
    },
    "solc": {
      "inputs": {
        "flake-utils": [
          "k-framework",
          "flake-utils"
        ],
        "nixpkgs": [
          "k-framework",
          "nixpkgs"
        ]
      },
      "locked": {
        "lastModified": 1692871473,
        "narHash": "sha256-2eLQOPBzQomQfcC8wQdYekccvl1KtYCqkDdw7oPeOiU=",
        "owner": "hellwolf",
        "repo": "solc.nix",
        "rev": "fbbe5553a7fc52f2d423afac81316023a183e72c",
        "type": "github"
      },
      "original": {
        "owner": "hellwolf",
        "repo": "solc.nix",
        "type": "github"
      }
    },
    "stacklock2nix": {
      "locked": {
        "lastModified": 1696895532,
        "narHash": "sha256-QXQ7frsy7D8V81oE6HQBZhlL48Vr7iPR5fSZfNaTdg0=",
        "owner": "cdepillabout",
        "repo": "stacklock2nix",
        "rev": "10d531672cada2e02ac49b1b18293e7a94938a38",
        "type": "github"
      },
      "original": {
        "owner": "cdepillabout",
        "repo": "stacklock2nix",
        "type": "github"
      }
    },
    "systems": {
      "locked": {
        "lastModified": 1681028828,
        "narHash": "sha256-Vy1rq5AaRuLzOxct8nz4T6wlgyUR7zLU309k9mBC768=",
        "owner": "nix-systems",
        "repo": "default",
        "rev": "da67096a3b9bf56a91d16901293e51ba5b49a27e",
        "type": "github"
      },
      "original": {
        "owner": "nix-systems",
        "repo": "default",
        "type": "github"
      }
    },
    "systems_2": {
      "locked": {
        "lastModified": 1681028828,
        "narHash": "sha256-Vy1rq5AaRuLzOxct8nz4T6wlgyUR7zLU309k9mBC768=",
        "owner": "nix-systems",
        "repo": "default",
        "rev": "da67096a3b9bf56a91d16901293e51ba5b49a27e",
        "type": "github"
      },
      "original": {
        "owner": "nix-systems",
        "repo": "default",
        "type": "github"
      }
    },
    "systems_3": {
      "locked": {
        "lastModified": 1681028828,
        "narHash": "sha256-Vy1rq5AaRuLzOxct8nz4T6wlgyUR7zLU309k9mBC768=",
        "owner": "nix-systems",
        "repo": "default",
        "rev": "da67096a3b9bf56a91d16901293e51ba5b49a27e",
        "type": "github"
      },
      "original": {
        "id": "systems",
        "type": "indirect"
      }
    },
    "treefmt-nix": {
      "inputs": {
        "nixpkgs": [
          "pyk",
          "poetry2nix",
          "nixpkgs"
        ]
      },
      "locked": {
        "lastModified": 1697388351,
        "narHash": "sha256-63N2eBpKaziIy4R44vjpUu8Nz5fCJY7okKrkixvDQmY=",
        "owner": "numtide",
        "repo": "treefmt-nix",
        "rev": "aae39f64f5ecbe89792d05eacea5cb241891292a",
        "type": "github"
      },
      "original": {
        "owner": "numtide",
        "repo": "treefmt-nix",
        "type": "github"
      }
    },
    "xbyak": {
      "flake": false,
      "locked": {
        "lastModified": 1518572786,
        "narHash": "sha256-jqDSNDcqK7010ig941hrJFkv1X7MbgXmhPOOE9wHmho=",
        "owner": "herumi",
        "repo": "xbyak",
        "rev": "f0a8f7faa27121f28186c2a7f4222a9fc66c283d",
        "type": "github"
      },
      "original": {
        "owner": "herumi",
        "repo": "xbyak",
        "rev": "f0a8f7faa27121f28186c2a7f4222a9fc66c283d",
        "type": "github"
      }
    },
    "z3": {
      "flake": false,
      "locked": {
        "lastModified": 1674011426,
        "narHash": "sha256-7cuUf29TMpX62PwO1ab3ZuzmzlcrRjTKB1CyXnYgYus=",
        "owner": "Z3Prover",
        "repo": "z3",
        "rev": "3012293c35eadbfd73e5b94adbe50b0cc44ffb83",
        "type": "github"
      },
      "original": {
        "owner": "Z3Prover",
        "ref": "z3-4.12.1",
        "repo": "z3",
        "type": "github"
      }
    }
  },
  "root": "root",
  "version": 7
}
